
Microsoft Visual Studio Solution File, Format Version 12.00
# Visual Studio Version 16
VisualStudioVersion = 16.0.29613.14
MinimumVisualStudioVersion = 10.0.40219.1
Project("{FAE04EC0-301F-11D3-BF4B-00C04F79EFBC}") = "電卓アプリ", "電卓アプリ.csproj", "{D1CFD013-AF1E-4D0D-834E-0CA9C663A70F}"
EndProject
Global
	GlobalSection(SolutionConfigurationPlatforms) = preSolution
		Debug|Any CPU = Debug|Any CPU
		Release|Any CPU = Release|Any CPU
	EndGlobalSection
	GlobalSection(ProjectConfigurationPlatforms) = postSolution
		{D1CFD013-AF1E-4D0D-834E-0CA9C663A70F}.Debug|Any CPU.ActiveCfg = Debug|Any CPU
		{D1CFD013-AF1E-4D0D-834E-0CA9C663A70F}.Debug|Any CPU.Build.0 = Debug|Any CPU
		{D1CFD013-AF1E-4D0D-834E-0CA9C663A70F}.Release|Any CPU.ActiveCfg = Release|Any CPU
		{D1CFD013-AF1E-4D0D-834E-0CA9C663A70F}.Release|Any CPU.Build.0 = Release|Any CPU
	EndGlobalSection
	GlobalSection(SolutionProperties) = preSolution
		HideSolutionNode = FALSE
	EndGlobalSection
	GlobalSection(ExtensibilityGlobals) = postSolution
		SolutionGuid = {9FB8199E-C58C-40DE-8896-FE8E6137C898}
	EndGlobalSection
EndGlobal
